
Microsoft Visual Studio Solution File, Format Version 12.00
# Visual Studio Version 17
VisualStudioVersion = 17.9.34714.143
MinimumVisualStudioVersion = 10.0.40219.1
Project("{FAE04EC0-301F-11D3-BF4B-00C04F79EFBC}") = "WebApplication1", "WebApplication1\WebApplication1.csproj", "{2B5F1C05-9C2F-457C-993F-C577A16AC50B}"
EndProject
Global
	GlobalSection(SolutionConfigurationPlatforms) = preSolution
		Debug|Any CPU = Debug|Any CPU
		Release|Any CPU = Release|Any CPU
	EndGlobalSection
	GlobalSection(ProjectConfigurationPlatforms) = postSolution
		{2B5F1C05-9C2F-457C-993F-C577A16AC50B}.Debug|Any CPU.ActiveCfg = Debug|Any CPU
		{2B5F1C05-9C2F-457C-993F-C577A16AC50B}.Debug|Any CPU.Build.0 = Debug|Any CPU
		{2B5F1C05-9C2F-457C-993F-C577A16AC50B}.Release|Any CPU.ActiveCfg = Release|Any CPU
		{2B5F1C05-9C2F-457C-993F-C577A16AC50B}.Release|Any CPU.Build.0 = Release|Any CPU
	EndGlobalSection
	GlobalSection(SolutionProperties) = preSolution
		HideSolutionNode = FALSE
	EndGlobalSection
	GlobalSection(ExtensibilityGlobals) = postSolution
		SolutionGuid = {9C071B88-CC52-467A-A094-07ABC2D2CDC4}
	EndGlobalSection
EndGlobal
